PODS:
  - Bolts/Tasks (1.6.0)
  - Nimble (4.0.1)
  - NSData+MD5Digest (1.0.0)
  - NSObject-NSCoding (1.0)
  - Parse (1.12.0):
    - Bolts/Tasks (~> 1.5)
  - ParseUI (1.2.0):
    - Bolts/Tasks (~> 1.3)
    - Parse (~> 1.9)
  - PPBlinkOCR (1.1.1)
  - PureLayout (3.0.1)
  - Quick (0.9.1)
  - ReactiveCocoa (4.0.1):
    - ReactiveCocoa/UI (= 4.0.1)
    - Result (~> 1.0.2)
  - ReactiveCocoa/Core (4.0.1):
    - ReactiveCocoa/no-arc
    - Result (~> 1.0.2)
  - ReactiveCocoa/no-arc (4.0.1):
    - Result (~> 1.0.2)
  - ReactiveCocoa/UI (4.0.1):
    - ReactiveCocoa/Core
    - Result (~> 1.0.2)
  - Result (1.0.2)
  - TMCache (2.1.0)
  - VENCalculatorInputView-DecimalFix (1.0-DecimalFix)

DEPENDENCIES:
  - Nimble (~> 4.0)
  - NSData+MD5Digest
  - NSObject-NSCoding
  - Parse
  - ParseUI
  - PPBlinkOCR
  - PureLayout
  - Quick
  - ReactiveCocoa
  - TMCache
  - VENCalculatorInputView-DecimalFix (= 1.0-DecimalFix)

SPEC CHECKSUMS:
  Bolts: f52a250053bb517ca874523c3913776359ab3def
  Nimble: 0f3c8b8b084cda391209c3c5efbb48bedeeb920a
  NSData+MD5Digest: 0743d53874455e2bdf49f70e7f815b0b963a355f
  NSObject-NSCoding: d05f937cc1ea1560294be261ee41d5438ddc7b1b
  Parse: de2c52a9a1421b91ae7594ab8ce191afd184f19b
  ParseUI: af2eba584799da4a9fbdac0e178662d7438b502e
  PPBlinkOCR: 1a8fc652b5be9563c8c60f1d363a8dbd3f35c5dd
  PureLayout: f35f5384c9c4e4479df041dbe33ad7577b71ddfb
  Quick: a5221fc21788b6aeda934805e68b061839bc3165
  ReactiveCocoa: f7011630aee4deeb16352fcb1b50d6bde9db4f90
  Result: dd3dd71af3fa2e262f1a999e14fba2c25ec14f16
  TMCache: 95ebcc9b3c7e90fb5fd8fc3036cba3aa781c9bed
  VENCalculatorInputView-DecimalFix: 8f5769b9c6c0d992a4cef24f4452f051c4e04eae

COCOAPODS: 0.39.0
